// !$*UTF8*$!
{
	archiveVersion = 1;
	classes = {
	};
	objectVersion = 46;
	objects = {

/* Begin PBXBuildFile section */
		956BAC921A78DF7B00E81ADA /* main.m in Sources */ = {isa = PBXBuildFile; fileRef = 956BAC911A78DF7B00E81ADA /* main.m */; };
		956BAC9C1A78E31D00E81ADA /* ModelsParser.m in Sources */ = {isa = PBXBuildFile; fileRef = 956BAC9B1A78E31D00E81ADA /* ModelsParser.m */; };
		956BACA01A78FCC600E81ADA /* TemplateRenderer.m in Sources */ = {isa = PBXBuildFile; fileRef = 956BAC9F1A78FCC600E81ADA /* TemplateRenderer.m */; };
		956BACA21A7903E000E81ADA /* model.h.temp in CopyFiles */ = {isa = PBXBuildFile; fileRef = 956BACA11A79034500E81ADA /* model.h.temp */; };
		956BACA41A7913FD00E81ADA /* property.temp in CopyFiles */ = {isa = PBXBuildFile; fileRef = 956BACA31A7913CF00E81ADA /* property.temp */; };
		956BACA71A791CD500E81ADA /* mapping.temp in CopyFiles */ = {isa = PBXBuildFile; fileRef = 956BACA61A791C4000E81ADA /* mapping.temp */; };
		956BACA81A791CD800E81ADA /* model.m.temp in CopyFiles */ = {isa = PBXBuildFile; fileRef = 956BACA51A791B8800E81ADA /* model.m.temp */; };
		956BACAB1A79331700E81ADA /* ModelProcessor.m in Sources */ = {isa = PBXBuildFile; fileRef = 956BACAA1A79331700E81ADA /* ModelProcessor.m */; };
		956BACAE1A79336900E81ADA /* Model.m in Sources */ = {isa = PBXBuildFile; fileRef = 956BACAD1A79336900E81ADA /* Model.m */; };
		956BACB11A79338400E81ADA /* Property.m in Sources */ = {isa = PBXBuildFile; fileRef = 956BACB01A79338400E81ADA /* Property.m */; };
		956BACB81A7B55A700E81ADA /* arraytransformer.temp in CopyFiles */ = {isa = PBXBuildFile; fileRef = 956BACB61A7A816000E81ADA /* arraytransformer.temp */; };
		956BACB91A7B55A900E81ADA /* classtransformer.temp in CopyFiles */ = {isa = PBXBuildFile; fileRef = 956BACB71A7B555D00E81ADA /* classtransformer.temp */; };
		956BACC11A7BCEAF00E81ADA /* model+category.m.temp in CopyFiles */ = {isa = PBXBuildFile; fileRef = 956BACC01A7BCE9600E81ADA /* model+category.m.temp */; };
		956BACC21A7BD16000E81ADA /* model+category.h.temp in CopyFiles */ = {isa = PBXBuildFile; fileRef = 956BACBF1A7B968500E81ADA /* model+category.h.temp */; };
/* End PBXBuildFile section */

/* Begin PBXCopyFilesBuildPhase section */
		956BAC8C1A78DF7B00E81ADA /* CopyFiles */ = {
			isa = PBXCopyFilesBuildPhase;
			buildActionMask = 12;
			dstPath = "";
			dstSubfolderSpec = 16;
			files = (
				956BACC11A7BCEAF00E81ADA /* model+category.m.temp in CopyFiles */,
				956BACC21A7BD16000E81ADA /* model+category.h.temp in CopyFiles */,
				956BACA81A791CD800E81ADA /* model.m.temp in CopyFiles */,
				956BACB81A7B55A700E81ADA /* arraytransformer.temp in CopyFiles */,
				956BACB91A7B55A900E81ADA /* classtransformer.temp in CopyFiles */,
				956BACA41A7913FD00E81ADA /* property.temp in CopyFiles */,
				956BACA71A791CD500E81ADA /* mapping.temp in CopyFiles */,
				956BACA21A7903E000E81ADA /* model.h.temp in CopyFiles */,
			);
			runOnlyForDeploymentPostprocessing = 0;
		};
/* End PBXCopyFilesBuildPhase section */

/* Begin PBXFileReference section */
		956BAC8E1A78DF7B00E81ADA /* AFJSONAPIWrapper */ = {isa = PBXFileReference; explicitFileType = "compiled.mach-o.executable"; includeInIndex = 0; path = AFJSONAPIWrapper; sourceTree = BUILT_PRODUCTS_DIR; };
		956BAC911A78DF7B00E81ADA /* main.m */ = {isa = PBXFileReference; lastKnownFileType = sourcecode.c.objc; path = main.m; sourceTree = "<group>"; };
		956BAC991A78E2AD00E81ADA /* models.json */ = {isa = PBXFileReference; fileEncoding = 4; lastKnownFileType = text.json; path = models.json; sourceTree = "<group>"; };
		956BAC9A1A78E31D00E81ADA /* ModelsParser.h */ = {isa = PBXFileReference; fileEncoding = 4; lastKnownFileType = sourcecode.c.h; path = ModelsParser.h; sourceTree = "<group>"; };
		956BAC9B1A78E31D00E81ADA /* ModelsParser.m */ = {isa = PBXFileReference; fileEncoding = 4; lastKnownFileType = sourcecode.c.objc; path = ModelsParser.m; sourceTree = "<group>"; };
		956BAC9E1A78FCC600E81ADA /* TemplateRenderer.h */ = {isa = PBXFileReference; fileEncoding = 4; lastKnownFileType = sourcecode.c.h; path = TemplateRenderer.h; sourceTree = "<group>"; };
		956BAC9F1A78FCC600E81ADA /* TemplateRenderer.m */ = {isa = PBXFileReference; fileEncoding = 4; lastKnownFileType = sourcecode.c.objc; path = TemplateRenderer.m; sourceTree = "<group>"; };
		956BACA11A79034500E81ADA /* model.h.temp */ = {isa = PBXFileReference; fileEncoding = 4; lastKnownFileType = text; path = model.h.temp; sourceTree = "<group>"; };
		956BACA31A7913CF00E81ADA /* property.temp */ = {isa = PBXFileReference; fileEncoding = 4; lastKnownFileType = text; path = property.temp; sourceTree = "<group>"; };
		956BACA51A791B8800E81ADA /* model.m.temp */ = {isa = PBXFileReference; fileEncoding = 4; lastKnownFileType = text; path = model.m.temp; sourceTree = "<group>"; };
		956BACA61A791C4000E81ADA /* mapping.temp */ = {isa = PBXFileReference; fileEncoding = 4; lastKnownFileType = text; path = mapping.temp; sourceTree = "<group>"; };
		956BACA91A79331700E81ADA /* ModelProcessor.h */ = {isa = PBXFileReference; fileEncoding = 4; lastKnownFileType = sourcecode.c.h; path = ModelProcessor.h; sourceTree = "<group>"; };
		956BACAA1A79331700E81ADA /* ModelProcessor.m */ = {isa = PBXFileReference; fileEncoding = 4; lastKnownFileType = sourcecode.c.objc; path = ModelProcessor.m; sourceTree = "<group>"; };
		956BACAC1A79336900E81ADA /* Model.h */ = {isa = PBXFileReference; fileEncoding = 4; lastKnownFileType = sourcecode.c.h; path = Model.h; sourceTree = "<group>"; };
		956BACAD1A79336900E81ADA /* Model.m */ = {isa = PBXFileReference; fileEncoding = 4; lastKnownFileType = sourcecode.c.objc; path = Model.m; sourceTree = "<group>"; };
		956BACAF1A79338400E81ADA /* Property.h */ = {isa = PBXFileReference; fileEncoding = 4; lastKnownFileType = sourcecode.c.h; path = Property.h; sourceTree = "<group>"; };
		956BACB01A79338400E81ADA /* Property.m */ = {isa = PBXFileReference; fileEncoding = 4; lastKnownFileType = sourcecode.c.objc; path = Property.m; sourceTree = "<group>"; };
		956BACB61A7A816000E81ADA /* arraytransformer.temp */ = {isa = PBXFileReference; fileEncoding = 4; lastKnownFileType = text; path = arraytransformer.temp; sourceTree = "<group>"; };
		956BACB71A7B555D00E81ADA /* classtransformer.temp */ = {isa = PBXFileReference; fileEncoding = 4; lastKnownFileType = text; path = classtransformer.temp; sourceTree = "<group>"; };
		956BACBF1A7B968500E81ADA /* model+category.h.temp */ = {isa = PBXFileReference; fileEncoding = 4; lastKnownFileType = text; path = "model+category.h.temp"; sourceTree = "<group>"; };
		956BACC01A7BCE9600E81ADA /* model+category.m.temp */ = {isa = PBXFileReference; fileEncoding = 4; lastKnownFileType = text; path = "model+category.m.temp"; sourceTree = "<group>"; };
/* End PBXFileReference section */

/* Begin PBXFrameworksBuildPhase section */
		956BAC8B1A78DF7B00E81ADA /* Frameworks */ = {
			isa = PBXFrameworksBuildPhase;
			buildActionMask = 2147483647;
			files = (
			);
			runOnlyForDeploymentPostprocessing = 0;
		};
/* End PBXFrameworksBuildPhase section */

/* Begin PBXGroup section */
		956BAC851A78DF7B00E81ADA = {
			isa = PBXGroup;
			children = (
				956BAC901A78DF7B00E81ADA /* AFJSONAPIWrapper */,
				956BAC8F1A78DF7B00E81ADA /* Products */,
			);
			sourceTree = "<group>";
		};
		956BAC8F1A78DF7B00E81ADA /* Products */ = {
			isa = PBXGroup;
			children = (
				956BAC8E1A78DF7B00E81ADA /* AFJSONAPIWrapper */,
			);
			name = Products;
			sourceTree = "<group>";
		};
		956BAC901A78DF7B00E81ADA /* AFJSONAPIWrapper */ = {
			isa = PBXGroup;
			children = (
				956BACBE1A7B962700E81ADA /* Models */,
				956BACBD1A7B961700E81ADA /* Renderer */,
				956BACBC1A7B961000E81ADA /* Parser */,
				956BACBB1A7B95FF00E81ADA /* example */,
				956BACBA1A7B95E000E81ADA /* Templates */,
				956BAC911A78DF7B00E81ADA /* main.m */,
			);
			path = AFJSONAPIWrapper;
			sourceTree = "<group>";
		};
		956BACBA1A7B95E000E81ADA /* Templates */ = {
			isa = PBXGroup;
			children = (
				956BACA11A79034500E81ADA /* model.h.temp */,
				956BACBF1A7B968500E81ADA /* model+category.h.temp */,
				956BACA51A791B8800E81ADA /* model.m.temp */,
				956BACC01A7BCE9600E81ADA /* model+category.m.temp */,
				956BACB61A7A816000E81ADA /* arraytransformer.temp */,
				956BACB71A7B555D00E81ADA /* classtransformer.temp */,
				956BACA31A7913CF00E81ADA /* property.temp */,
				956BACA61A791C4000E81ADA /* mapping.temp */,
			);
			name = Templates;
			sourceTree = "<group>";
		};
		956BACBB1A7B95FF00E81ADA /* example */ = {
			isa = PBXGroup;
			children = (
				956BAC991A78E2AD00E81ADA /* models.json */,
			);
			name = example;
			sourceTree = "<group>";
		};
		956BACBC1A7B961000E81ADA /* Parser */ = {
			isa = PBXGroup;
			children = (
				956BACA91A79331700E81ADA /* ModelProcessor.h */,
				956BACAA1A79331700E81ADA /* ModelProcessor.m */,
				956BAC9A1A78E31D00E81ADA /* ModelsParser.h */,
				956BAC9B1A78E31D00E81ADA /* ModelsParser.m */,
			);
			name = Parser;
			sourceTree = "<group>";
		};
		956BACBD1A7B961700E81ADA /* Renderer */ = {
			isa = PBXGroup;
			children = (
				956BAC9E1A78FCC600E81ADA /* TemplateRenderer.h */,
				956BAC9F1A78FCC600E81ADA /* TemplateRenderer.m */,
			);
			name = Renderer;
			sourceTree = "<group>";
		};
		956BACBE1A7B962700E81ADA /* Models */ = {
			isa = PBXGroup;
			children = (
				956BACAC1A79336900E81ADA /* Model.h */,
				956BACAD1A79336900E81ADA /* Model.m */,
				956BACAF1A79338400E81ADA /* Property.h */,
				956BACB01A79338400E81ADA /* Property.m */,
			);
			name = Models;
			sourceTree = "<group>";
		};
/* End PBXGroup section */

/* Begin PBXNativeTarget section */
		956BAC8D1A78DF7B00E81ADA /* AFJSONAPIWrapper */ = {
			isa = PBXNativeTarget;
			buildConfigurationList = 956BAC951A78DF7B00E81ADA /* Build configuration list for PBXNativeTarget "AFJSONAPIWrapper" */;
			buildPhases = (
				956BAC8A1A78DF7B00E81ADA /* Sources */,
				956BAC8B1A78DF7B00E81ADA /* Frameworks */,
				956BAC8C1A78DF7B00E81ADA /* CopyFiles */,
			);
			buildRules = (
			);
			dependencies = (
			);
			name = AFJSONAPIWrapper;
			productName = AFJSONAPIWrapper;
			productReference = 956BAC8E1A78DF7B00E81ADA /* AFJSONAPIWrapper */;
			productType = "com.apple.product-type.tool";
		};
/* End PBXNativeTarget section */

/* Begin PBXProject section */
		956BAC861A78DF7B00E81ADA /* Project object */ = {
			isa = PBXProject;
			attributes = {
				LastUpgradeCheck = 0610;
				ORGANIZATIONNAME = alexfedosov;
				TargetAttributes = {
					956BAC8D1A78DF7B00E81ADA = {
						CreatedOnToolsVersion = 6.1;
					};
				};
			};
			buildConfigurationList = 956BAC891A78DF7B00E81ADA /* Build configuration list for PBXProject "AFJSONAPIWrapper" */;
			compatibilityVersion = "Xcode 3.2";
			developmentRegion = English;
			hasScannedForEncodings = 0;
			knownRegions = (
				en,
			);
			mainGroup = 956BAC851A78DF7B00E81ADA;
			productRefGroup = 956BAC8F1A78DF7B00E81ADA /* Products */;
			projectDirPath = "";
			projectRoot = "";
			targets = (
				956BAC8D1A78DF7B00E81ADA /* AFJSONAPIWrapper */,
			);
		};
/* End PBXProject section */

/* Begin PBXSourcesBuildPhase section */
		956BAC8A1A78DF7B00E81ADA /* Sources */ = {
			isa = PBXSourcesBuildPhase;
			buildActionMask = 2147483647;
			files = (
				956BACAB1A79331700E81ADA /* ModelProcessor.m in Sources */,
				956BAC9C1A78E31D00E81ADA /* ModelsParser.m in Sources */,
				956BACB11A79338400E81ADA /* Property.m in Sources */,
				956BAC921A78DF7B00E81ADA /* main.m in Sources */,
				956BACA01A78FCC600E81ADA /* TemplateRenderer.m in Sources */,
				956BACAE1A79336900E81ADA /* Model.m in Sources */,
			);
			runOnlyForDeploymentPostprocessing = 0;
		};
/* End PBXSourcesBuildPhase section */

/* Begin XCBuildConfiguration section */
		956BAC931A78DF7B00E81ADA /* Debug */ = {
			isa = XCBuildConfiguration;
			buildSettings = {
				ALWAYS_SEARCH_USER_PATHS = NO;
				CLANG_CXX_LANGUAGE_STANDARD = "gnu++0x";
				CLANG_CXX_LIBRARY = "libc++";
				CLANG_ENABLE_MODULES = YES;
				CLANG_ENABLE_OBJC_ARC = YES;
				CLANG_WARN_BOOL_CONVERSION = YES;
				CLANG_WARN_CONSTANT_CONVERSION = YES;
				CLANG_WARN_DIRECT_OBJC_ISA_USAGE = YES_ERROR;
				CLANG_WARN_EMPTY_BODY = YES;
				CLANG_WARN_ENUM_CONVERSION = YES;
				CLANG_WARN_INT_CONVERSION = YES;
				CLANG_WARN_OBJC_ROOT_CLASS = YES_ERROR;
				CLANG_WARN_UNREACHABLE_CODE = YES;
				CLANG_WARN__DUPLICATE_METHOD_MATCH = YES;
				COPY_PHASE_STRIP = NO;
				ENABLE_STRICT_OBJC_MSGSEND = YES;
				GCC_C_LANGUAGE_STANDARD = gnu99;
				GCC_DYNAMIC_NO_PIC = NO;
				GCC_OPTIMIZATION_LEVEL = 0;
				GCC_PREPROCESSOR_DEFINITIONS = (
					"DEBUG=1",
					"$(inherited)",
				);
				GCC_SYMBOLS_PRIVATE_EXTERN = NO;
				GCC_WARN_64_TO_32_BIT_CONVERSION = YES;
				GCC_WARN_ABOUT_RETURN_TYPE = YES_ERROR;
				GCC_WARN_UNDECLARED_SELECTOR = YES;
				GCC_WARN_UNINITIALIZED_AUTOS = YES_AGGRESSIVE;
				GCC_WARN_UNUSED_FUNCTION = YES;
				GCC_WARN_UNUSED_VARIABLE = YES;
				MACOSX_DEPLOYMENT_TARGET = 10.10;
				MTL_ENABLE_DEBUG_INFO = YES;
				ONLY_ACTIVE_ARCH = YES;
				SDKROOT = macosx;
			};
			name = Debug;
		};
		956BAC941A78DF7B00E81ADA /* Release */ = {
			isa = XCBuildConfiguration;
			buildSettings = {
				ALWAYS_SEARCH_USER_PATHS = NO;
				CLANG_CXX_LANGUAGE_STANDARD = "gnu++0x";
				CLANG_CXX_LIBRARY = "libc++";
				CLANG_ENABLE_MODULES = YES;
				CLANG_ENABLE_OBJC_ARC = YES;
				CLANG_WARN_BOOL_CONVERSION = YES;
				CLANG_WARN_CONSTANT_CONVERSION = YES;
				CLANG_WARN_DIRECT_OBJC_ISA_USAGE = YES_ERROR;
				CLANG_WARN_EMPTY_BODY = YES;
				CLANG_WARN_ENUM_CONVERSION = YES;
				CLANG_WARN_INT_CONVERSION = YES;
				CLANG_WARN_OBJC_ROOT_CLASS = YES_ERROR;
				CLANG_WARN_UNREACHABLE_CODE = YES;
				CLANG_WARN__DUPLICATE_METHOD_MATCH = YES;
				COPY_PHASE_STRIP = YES;
				DEBUG_INFORMATION_FORMAT = "dwarf-with-dsym";
				ENABLE_NS_ASSERTIONS = NO;
				ENABLE_STRICT_OBJC_MSGSEND = YES;
				GCC_C_LANGUAGE_STANDARD = gnu99;
				GCC_WARN_64_TO_32_BIT_CONVERSION = YES;
				GCC_WARN_ABOUT_RETURN_TYPE = YES_ERROR;
				GCC_WARN_UNDECLARED_SELECTOR = YES;
				GCC_WARN_UNINITIALIZED_AUTOS = YES_AGGRESSIVE;
				GCC_WARN_UNUSED_FUNCTION = YES;
				GCC_WARN_UNUSED_VARIABLE = YES;
				MACOSX_DEPLOYMENT_TARGET = 10.10;
				MTL_ENABLE_DEBUG_INFO = NO;
				SDKROOT = macosx;
			};
			name = Release;
		};
		956BAC961A78DF7B00E81ADA /* Debug */ = {
			isa = XCBuildConfiguration;
			buildSettings = {
				PRODUCT_NAME = "$(TARGET_NAME)";
			};
			name = Debug;
		};
		956BAC971A78DF7B00E81ADA /* Release */ = {
			isa = XCBuildConfiguration;
			buildSettings = {
				PRODUCT_NAME = "$(TARGET_NAME)";
			};
			name = Release;
		};
/* End XCBuildConfiguration section */

/* Begin XCConfigurationList section */
		956BAC891A78DF7B00E81ADA /* Build configuration list for PBXProject "AFJSONAPIWrapper" */ = {
			isa = XCConfigurationList;
			buildConfigurations = (
				956BAC931A78DF7B00E81ADA /* Debug */,
				956BAC941A78DF7B00E81ADA /* Release */,
			);
			defaultConfigurationIsVisible = 0;
			defaultConfigurationName = Release;
		};
		956BAC951A78DF7B00E81ADA /* Build configuration list for PBXNativeTarget "AFJSONAPIWrapper" */ = {
			isa = XCConfigurationList;
			buildConfigurations = (
				956BAC961A78DF7B00E81ADA /* Debug */,
				956BAC971A78DF7B00E81ADA /* Release */,
			);
			defaultConfigurationIsVisible = 0;
			defaultConfigurationName = Release;
		};
/* End XCConfigurationList section */
	};
	rootObject = 956BAC861A78DF7B00E81ADA /* Project object */;
}
